
Microsoft Visual Studio Solution File, Format Version 12.00
# Visual Studio 14
VisualStudioVersion = 14.0.25420.1
MinimumVisualStudioVersion = 10.0.40219.1
Project("{FAE04EC0-301F-11D3-BF4B-00C04F79EFBC}") = "QLCH", "QLCH\QLCH.csproj", "{C2224381-7ECD-4CE9-9BE5-2020C72D25F5}"
EndProject
Project("{FAE04EC0-301F-11D3-BF4B-00C04F79EFBC}") = "BUS", "BUS\BUS.csproj", "{56C971E1-4674-411B-BC98-6959D3505E81}"
EndProject
Project("{FAE04EC0-301F-11D3-BF4B-00C04F79EFBC}") = "DAO", "DAO\DAO.csproj", "{0375D060-1EF4-4319-83DB-3711084BEDFE}"
EndProject
Project("{FAE04EC0-301F-11D3-BF4B-00C04F79EFBC}") = "DTO", "DTO\DTO.csproj", "{8D8A5714-14A5-4992-A378-B49625A01181}"
EndProject
Global
	GlobalSection(SolutionConfigurationPlatforms) = preSolution
		Debug|Any CPU = Debug|Any CPU
		Release|Any CPU = Release|Any CPU
	EndGlobalSection
	GlobalSection(ProjectConfigurationPlatforms) = postSolution
		{C2224381-7ECD-4CE9-9BE5-2020C72D25F5}.Debug|Any CPU.ActiveCfg = Debug|Any CPU
		{C2224381-7ECD-4CE9-9BE5-2020C72D25F5}.Debug|Any CPU.Build.0 = Debug|Any CPU
		{C2224381-7ECD-4CE9-9BE5-2020C72D25F5}.Release|Any CPU.ActiveCfg = Release|Any CPU
		{C2224381-7ECD-4CE9-9BE5-2020C72D25F5}.Release|Any CPU.Build.0 = Release|Any CPU
		{56C971E1-4674-411B-BC98-6959D3505E81}.Debug|Any CPU.ActiveCfg = Debug|Any CPU
		{56C971E1-4674-411B-BC98-6959D3505E81}.Debug|Any CPU.Build.0 = Debug|Any CPU
		{56C971E1-4674-411B-BC98-6959D3505E81}.Release|Any CPU.ActiveCfg = Release|Any CPU
		{56C971E1-4674-411B-BC98-6959D3505E81}.Release|Any CPU.Build.0 = Release|Any CPU
		{0375D060-1EF4-4319-83DB-3711084BEDFE}.Debug|Any CPU.ActiveCfg = Debug|Any CPU
		{0375D060-1EF4-4319-83DB-3711084BEDFE}.Debug|Any CPU.Build.0 = Debug|Any CPU
		{0375D060-1EF4-4319-83DB-3711084BEDFE}.Release|Any CPU.ActiveCfg = Release|Any CPU
		{0375D060-1EF4-4319-83DB-3711084BEDFE}.Release|Any CPU.Build.0 = Release|Any CPU
		{8D8A5714-14A5-4992-A378-B49625A01181}.Debug|Any CPU.ActiveCfg = Debug|Any CPU
		{8D8A5714-14A5-4992-A378-B49625A01181}.Debug|Any CPU.Build.0 = Debug|Any CPU
		{8D8A5714-14A5-4992-A378-B49625A01181}.Release|Any CPU.ActiveCfg = Release|Any CPU
		{8D8A5714-14A5-4992-A378-B49625A01181}.Release|Any CPU.Build.0 = Release|Any CPU
	EndGlobalSection
	GlobalSection(SolutionProperties) = preSolution
		HideSolutionNode = FALSE
	EndGlobalSection
EndGlobal
